// !$*UTF8*$!
{
	archiveVersion = 1;
	classes = {
	};
	objectVersion = 46;
	objects = {

/* Begin PBXBuildFile section */
		320304E916C6D84E00EC77E8 /* DnDNPC.m in Sources */ = {isa = PBXBuildFile; fileRef = 320304E816C6D84E00EC77E8 /* DnDNPC.m */; };
		322ACDBD1730155A00F24E0D /* dnd.jpg in Resources */ = {isa = PBXBuildFile; fileRef = 322ACDBC1730155A00F24E0D /* dnd.jpg */; };
		322ACDBF1730157D00F24E0D /* dnd.jpg in Resources */ = {isa = PBXBuildFile; fileRef = 322ACDBE1730157D00F24E0D /* dnd.jpg */; };
		32EACBAC16C65642007B0EC1 /* Cocoa.framework in Frameworks */ = {isa = PBXBuildFile; fileRef = 32EACBAB16C65642007B0EC1 /* Cocoa.framework */; };
		32EACBB616C65642007B0EC1 /* InfoPlist.strings in Resources */ = {isa = PBXBuildFile; fileRef = 32EACBB416C65642007B0EC1 /* InfoPlist.strings */; };
		32EACBB816C65642007B0EC1 /* main.m in Sources */ = {isa = PBXBuildFile; fileRef = 32EACBB716C65642007B0EC1 /* main.m */; };
		32EACBBC16C65642007B0EC1 /* Credits.rtf in Resources */ = {isa = PBXBuildFile; fileRef = 32EACBBA16C65642007B0EC1 /* Credits.rtf */; };
		32EACBBF16C65642007B0EC1 /* DnDAppDelegate.m in Sources */ = {isa = PBXBuildFile; fileRef = 32EACBBE16C65642007B0EC1 /* DnDAppDelegate.m */; };
		32EACBC216C65642007B0EC1 /* MainMenu.xib in Resources */ = {isa = PBXBuildFile; fileRef = 32EACBC016C65642007B0EC1 /* MainMenu.xib */; };
/* End PBXBuildFile section */

/* Begin PBXFileReference section */
		320304E716C6D84E00EC77E8 /* DnDNPC.h */ = {isa = PBXFileReference; fileEncoding = 4; lastKnownFileType = sourcecode.c.h; path = DnDNPC.h; sourceTree = "<group>"; };
		320304E816C6D84E00EC77E8 /* DnDNPC.m */ = {isa = PBXFileReference; fileEncoding = 4; lastKnownFileType = sourcecode.c.objc; path = DnDNPC.m; sourceTree = "<group>"; };
		322ACDBC1730155A00F24E0D /* dnd.jpg */ = {isa = PBXFileReference; lastKnownFileType = image.jpeg; path = dnd.jpg; sourceTree = "<group>"; };
		322ACDBE1730157D00F24E0D /* dnd.jpg */ = {isa = PBXFileReference; lastKnownFileType = image.jpeg; path = dnd.jpg; sourceTree = "<group>"; };
		32EACBA816C65642007B0EC1 /* MonsterCalculator.app */ = {isa = PBXFileReference; explicitFileType = wrapper.application; includeInIndex = 0; path = MonsterCalculator.app; sourceTree = BUILT_PRODUCTS_DIR; };
		32EACBAB16C65642007B0EC1 /* Cocoa.framework */ = {isa = PBXFileReference; lastKnownFileType = wrapper.framework; name = Cocoa.framework; path = System/Library/Frameworks/Cocoa.framework; sourceTree = SDKROOT; };
		32EACBAE16C65642007B0EC1 /* AppKit.framework */ = {isa = PBXFileReference; lastKnownFileType = wrapper.framework; name = AppKit.framework; path = System/Library/Frameworks/AppKit.framework; sourceTree = SDKROOT; };
		32EACBAF16C65642007B0EC1 /* CoreData.framework */ = {isa = PBXFileReference; lastKnownFileType = wrapper.framework; name = CoreData.framework; path = System/Library/Frameworks/CoreData.framework; sourceTree = SDKROOT; };
		32EACBB016C65642007B0EC1 /* Foundation.framework */ = {isa = PBXFileReference; lastKnownFileType = wrapper.framework; name = Foundation.framework; path = System/Library/Frameworks/Foundation.framework; sourceTree = SDKROOT; };
		32EACBB316C65642007B0EC1 /* MonsterCalculator-Info.plist */ = {isa = PBXFileReference; lastKnownFileType = text.plist.xml; path = "MonsterCalculator-Info.plist"; sourceTree = "<group>"; };
		32EACBB516C65642007B0EC1 /* en */ = {isa = PBXFileReference; lastKnownFileType = text.plist.strings; name = en; path = en.lproj/InfoPlist.strings; sourceTree = "<group>"; };
		32EACBB716C65642007B0EC1 /* main.m */ = {isa = PBXFileReference; lastKnownFileType = sourcecode.c.objc; path = main.m; sourceTree = "<group>"; };
		32EACBB916C65642007B0EC1 /* MonsterCalculator-Prefix.pch */ = {isa = PBXFileReference; lastKnownFileType = sourcecode.c.h; path = "MonsterCalculator-Prefix.pch"; sourceTree = "<group>"; };
		32EACBBB16C65642007B0EC1 /* en */ = {isa = PBXFileReference; lastKnownFileType = text.rtf; name = en; path = en.lproj/Credits.rtf; sourceTree = "<group>"; };
		32EACBBD16C65642007B0EC1 /* DnDAppDelegate.h */ = {isa = PBXFileReference; lastKnownFileType = sourcecode.c.h; path = DnDAppDelegate.h; sourceTree = "<group>"; };
		32EACBBE16C65642007B0EC1 /* DnDAppDelegate.m */ = {isa = PBXFileReference; lastKnownFileType = sourcecode.c.objc; path = DnDAppDelegate.m; sourceTree = "<group>"; };
		32EACBC116C65642007B0EC1 /* en */ = {isa = PBXFileReference; lastKnownFileType = file.xib; name = en; path = en.lproj/MainMenu.xib; sourceTree = "<group>"; };
/* End PBXFileReference section */

/* Begin PBXFrameworksBuildPhase section */
		32EACBA516C65641007B0EC1 /* Frameworks */ = {
			isa = PBXFrameworksBuildPhase;
			buildActionMask = 2147483647;
			files = (
				32EACBAC16C65642007B0EC1 /* Cocoa.framework in Frameworks */,
			);
			runOnlyForDeploymentPostprocessing = 0;
		};
/* End PBXFrameworksBuildPhase section */

/* Begin PBXGroup section */
		32EACB9F16C65641007B0EC1 = {
			isa = PBXGroup;
			children = (
				322ACDBC1730155A00F24E0D /* dnd.jpg */,
				32EACBB116C65642007B0EC1 /* MonsterCalculator */,
				32EACBAA16C65642007B0EC1 /* Frameworks */,
				32EACBA916C65642007B0EC1 /* Products */,
			);
			sourceTree = "<group>";
		};
		32EACBA916C65642007B0EC1 /* Products */ = {
			isa = PBXGroup;
			children = (
				32EACBA816C65642007B0EC1 /* MonsterCalculator.app */,
			);
			name = Products;
			sourceTree = "<group>";
		};
		32EACBAA16C65642007B0EC1 /* Frameworks */ = {
			isa = PBXGroup;
			children = (
				32EACBAB16C65642007B0EC1 /* Cocoa.framework */,
				32EACBAD16C65642007B0EC1 /* Other Frameworks */,
			);
			name = Frameworks;
			sourceTree = "<group>";
		};
		32EACBAD16C65642007B0EC1 /* Other Frameworks */ = {
			isa = PBXGroup;
			children = (
				32EACBAE16C65642007B0EC1 /* AppKit.framework */,
				32EACBAF16C65642007B0EC1 /* CoreData.framework */,
				32EACBB016C65642007B0EC1 /* Foundation.framework */,
			);
			name = "Other Frameworks";
			sourceTree = "<group>";
		};
		32EACBB116C65642007B0EC1 /* MonsterCalculator */ = {
			isa = PBXGroup;
			children = (
				32EACBBD16C65642007B0EC1 /* DnDAppDelegate.h */,
				32EACBBE16C65642007B0EC1 /* DnDAppDelegate.m */,
				32EACBC016C65642007B0EC1 /* MainMenu.xib */,
				320304E716C6D84E00EC77E8 /* DnDNPC.h */,
				320304E816C6D84E00EC77E8 /* DnDNPC.m */,
				32EACBB216C65642007B0EC1 /* Supporting Files */,
			);
			path = MonsterCalculator;
			sourceTree = "<group>";
		};
		32EACBB216C65642007B0EC1 /* Supporting Files */ = {
			isa = PBXGroup;
			children = (
				322ACDBE1730157D00F24E0D /* dnd.jpg */,
				32EACBB316C65642007B0EC1 /* MonsterCalculator-Info.plist */,
				32EACBB416C65642007B0EC1 /* InfoPlist.strings */,
				32EACBB716C65642007B0EC1 /* main.m */,
				32EACBB916C65642007B0EC1 /* MonsterCalculator-Prefix.pch */,
				32EACBBA16C65642007B0EC1 /* Credits.rtf */,
			);
			name = "Supporting Files";
			sourceTree = "<group>";
		};
/* End PBXGroup section */

/* Begin PBXNativeTarget section */
		32EACBA716C65641007B0EC1 /* MonsterCalculator */ = {
			isa = PBXNativeTarget;
			buildConfigurationList = 32EACBC516C65642007B0EC1 /* Build configuration list for PBXNativeTarget "MonsterCalculator" */;
			buildPhases = (
				32EACBA416C65641007B0EC1 /* Sources */,
				32EACBA516C65641007B0EC1 /* Frameworks */,
				32EACBA616C65641007B0EC1 /* Resources */,
			);
			buildRules = (
			);
			dependencies = (
			);
			name = MonsterCalculator;
			productName = MonsterCalculator;
			productReference = 32EACBA816C65642007B0EC1 /* MonsterCalculator.app */;
			productType = "com.apple.product-type.application";
		};
/* End PBXNativeTarget section */

/* Begin PBXProject section */
		32EACBA016C65641007B0EC1 /* Project object */ = {
			isa = PBXProject;
			attributes = {
				CLASSPREFIX = DnD;
				LastUpgradeCheck = 0460;
				ORGANIZATIONNAME = "Etienne van Delden";
			};
			buildConfigurationList = 32EACBA316C65641007B0EC1 /* Build configuration list for PBXProject "MonsterCalculator" */;
			compatibilityVersion = "Xcode 3.2";
			developmentRegion = English;
			hasScannedForEncodings = 0;
			knownRegions = (
				en,
			);
			mainGroup = 32EACB9F16C65641007B0EC1;
			productRefGroup = 32EACBA916C65642007B0EC1 /* Products */;
			projectDirPath = "";
			projectRoot = "";
			targets = (
				32EACBA716C65641007B0EC1 /* MonsterCalculator */,
			);
		};
/* End PBXProject section */

/* Begin PBXResourcesBuildPhase section */
		32EACBA616C65641007B0EC1 /* Resources */ = {
			isa = PBXResourcesBuildPhase;
			buildActionMask = 2147483647;
			files = (
				32EACBB616C65642007B0EC1 /* InfoPlist.strings in Resources */,
				32EACBBC16C65642007B0EC1 /* Credits.rtf in Resources */,
				32EACBC216C65642007B0EC1 /* MainMenu.xib in Resources */,
				322ACDBD1730155A00F24E0D /* dnd.jpg in Resources */,
				322ACDBF1730157D00F24E0D /* dnd.jpg in Resources */,
			);
			runOnlyForDeploymentPostprocessing = 0;
		};
/* End PBXResourcesBuildPhase section */

/* Begin PBXSourcesBuildPhase section */
		32EACBA416C65641007B0EC1 /* Sources */ = {
			isa = PBXSourcesBuildPhase;
			buildActionMask = 2147483647;
			files = (
				32EACBB816C65642007B0EC1 /* main.m in Sources */,
				32EACBBF16C65642007B0EC1 /* DnDAppDelegate.m in Sources */,
				320304E916C6D84E00EC77E8 /* DnDNPC.m in Sources */,
			);
			runOnlyForDeploymentPostprocessing = 0;
		};
/* End PBXSourcesBuildPhase section */

/* Begin PBXVariantGroup section */
		32EACBB416C65642007B0EC1 /* InfoPlist.strings */ = {
			isa = PBXVariantGroup;
			children = (
				32EACBB516C65642007B0EC1 /* en */,
			);
			name = InfoPlist.strings;
			sourceTree = "<group>";
		};
		32EACBBA16C65642007B0EC1 /* Credits.rtf */ = {
			isa = PBXVariantGroup;
			children = (
				32EACBBB16C65642007B0EC1 /* en */,
			);
			name = Credits.rtf;
			sourceTree = "<group>";
		};
		32EACBC016C65642007B0EC1 /* MainMenu.xib */ = {
			isa = PBXVariantGroup;
			children = (
				32EACBC116C65642007B0EC1 /* en */,
			);
			name = MainMenu.xib;
			sourceTree = "<group>";
		};
/* End PBXVariantGroup section */

/* Begin XCBuildConfiguration section */
		32EACBC316C65642007B0EC1 /* Debug */ = {
			isa = XCBuildConfiguration;
			buildSettings = {
				ALWAYS_SEARCH_USER_PATHS = NO;
				ARCHS = "$(ARCHS_STANDARD_64_BIT)";
				CLANG_CXX_LANGUAGE_STANDARD = "gnu++0x";
				CLANG_CXX_LIBRARY = "libc++";
				CLANG_ENABLE_OBJC_ARC = YES;
				CLANG_WARN_CONSTANT_CONVERSION = YES;
				CLANG_WARN_EMPTY_BODY = YES;
				CLANG_WARN_ENUM_CONVERSION = YES;
				CLANG_WARN_INT_CONVERSION = YES;
				CLANG_WARN__DUPLICATE_METHOD_MATCH = YES;
				COPY_PHASE_STRIP = NO;
				GCC_C_LANGUAGE_STANDARD = gnu99;
				GCC_DYNAMIC_NO_PIC = NO;
				GCC_ENABLE_OBJC_EXCEPTIONS = YES;
				GCC_OPTIMIZATION_LEVEL = 0;
				GCC_PREPROCESSOR_DEFINITIONS = (
					"DEBUG=1",
					"$(inherited)",
				);
				GCC_SYMBOLS_PRIVATE_EXTERN = NO;
				GCC_WARN_64_TO_32_BIT_CONVERSION = YES;
				GCC_WARN_ABOUT_RETURN_TYPE = YES;
				GCC_WARN_UNINITIALIZED_AUTOS = YES;
				GCC_WARN_UNUSED_VARIABLE = YES;
				MACOSX_DEPLOYMENT_TARGET = 10.8;
				ONLY_ACTIVE_ARCH = YES;
				SDKROOT = macosx;
			};
			name = Debug;
		};
		32EACBC416C65642007B0EC1 /* Release */ = {
			isa = XCBuildConfiguration;
			buildSettings = {
				ALWAYS_SEARCH_USER_PATHS = NO;
				ARCHS = "$(ARCHS_STANDARD_64_BIT)";
				CLANG_CXX_LANGUAGE_STANDARD = "gnu++0x";
				CLANG_CXX_LIBRARY = "libc++";
				CLANG_ENABLE_OBJC_ARC = YES;
				CLANG_WARN_CONSTANT_CONVERSION = YES;
				CLANG_WARN_EMPTY_BODY = YES;
				CLANG_WARN_ENUM_CONVERSION = YES;
				CLANG_WARN_INT_CONVERSION = YES;
				CLANG_WARN__DUPLICATE_METHOD_MATCH = YES;
				COPY_PHASE_STRIP = YES;
				DEBUG_INFORMATION_FORMAT = "dwarf-with-dsym";
				GCC_C_LANGUAGE_STANDARD = gnu99;
				GCC_ENABLE_OBJC_EXCEPTIONS = YES;
				GCC_WARN_64_TO_32_BIT_CONVERSION = YES;
				GCC_WARN_ABOUT_RETURN_TYPE = YES;
				GCC_WARN_UNINITIALIZED_AUTOS = YES;
				GCC_WARN_UNUSED_VARIABLE = YES;
				MACOSX_DEPLOYMENT_TARGET = 10.8;
				SDKROOT = macosx;
			};
			name = Release;
		};
		32EACBC616C65642007B0EC1 /* Debug */ = {
			isa = XCBuildConfiguration;
			buildSettings = {
				COMBINE_HIDPI_IMAGES = YES;
				GCC_PRECOMPILE_PREFIX_HEADER = YES;
				GCC_PREFIX_HEADER = "MonsterCalculator/MonsterCalculator-Prefix.pch";
				INFOPLIST_FILE = "MonsterCalculator/MonsterCalculator-Info.plist";
				PRODUCT_NAME = "$(TARGET_NAME)";
				WRAPPER_EXTENSION = app;
			};
			name = Debug;
		};
		32EACBC716C65642007B0EC1 /* Release */ = {
			isa = XCBuildConfiguration;
			buildSettings = {
				COMBINE_HIDPI_IMAGES = YES;
				GCC_PRECOMPILE_PREFIX_HEADER = YES;
				GCC_PREFIX_HEADER = "MonsterCalculator/MonsterCalculator-Prefix.pch";
				INFOPLIST_FILE = "MonsterCalculator/MonsterCalculator-Info.plist";
				PRODUCT_NAME = "$(TARGET_NAME)";
				WRAPPER_EXTENSION = app;
			};
			name = Release;
		};
/* End XCBuildConfiguration section */

/* Begin XCConfigurationList section */
		32EACBA316C65641007B0EC1 /* Build configuration list for PBXProject "MonsterCalculator" */ = {
			isa = XCConfigurationList;
			buildConfigurations = (
				32EACBC316C65642007B0EC1 /* Debug */,
				32EACBC416C65642007B0EC1 /* Release */,
			);
			defaultConfigurationIsVisible = 0;
			defaultConfigurationName = Release;
		};
		32EACBC516C65642007B0EC1 /* Build configuration list for PBXNativeTarget "MonsterCalculator" */ = {
			isa = XCConfigurationList;
			buildConfigurations = (
				32EACBC616C65642007B0EC1 /* Debug */,
				32EACBC716C65642007B0EC1 /* Release */,
			);
			defaultConfigurationIsVisible = 0;
			defaultConfigurationName = Release;
		};
/* End XCConfigurationList section */
	};
	rootObject = 32EACBA016C65641007B0EC1 /* Project object */;
}
